
Microsoft Visual Studio Solution File, Format Version 12.00
# Visual Studio Version 17
VisualStudioVersion = 17.3.32901.215
MinimumVisualStudioVersion = 10.0.40219.1
Project("{8BC9CEB8-8B4A-11D0-8D11-00A0C91BC942}") = "2", "2\2.vcxproj", "{D879EEF1-3506-49F0-B6C2-EB1024F8E887}"
EndProject
Global
	GlobalSection(SolutionConfigurationPlatforms) = preSolution
		Debug|x64 = Debug|x64
		Debug|x86 = Debug|x86
		Release|x64 = Release|x64
		Release|x86 = Release|x86
	EndGlobalSection
	GlobalSection(ProjectConfigurationPlatforms) = postSolution
		{D879EEF1-3506-49F0-B6C2-EB1024F8E887}.Debug|x64.ActiveCfg = Debug|x64
		{D879EEF1-3506-49F0-B6C2-EB1024F8E887}.Debug|x64.Build.0 = Debug|x64
		{D879EEF1-3506-49F0-B6C2-EB1024F8E887}.Debug|x86.ActiveCfg = Debug|Win32
		{D879EEF1-3506-49F0-B6C2-EB1024F8E887}.Debug|x86.Build.0 = Debug|Win32
		{D879EEF1-3506-49F0-B6C2-EB1024F8E887}.Release|x64.ActiveCfg = Release|x64
		{D879EEF1-3506-49F0-B6C2-EB1024F8E887}.Release|x64.Build.0 = Release|x64
		{D879EEF1-3506-49F0-B6C2-EB1024F8E887}.Release|x86.ActiveCfg = Release|Win32
		{D879EEF1-3506-49F0-B6C2-EB1024F8E887}.Release|x86.Build.0 = Release|Win32
	EndGlobalSection
	GlobalSection(SolutionProperties) = preSolution
		HideSolutionNode = FALSE
	EndGlobalSection
	GlobalSection(ExtensibilityGlobals) = postSolution
		SolutionGuid = {80670DF2-CEFF-4367-89F4-B9675E6D12C2}
	EndGlobalSection
EndGlobal
